
Microsoft Visual Studio Solution File, Format Version 12.00
# Visual Studio 15
VisualStudioVersion = 15.0.28307.705
MinimumVisualStudioVersion = 10.0.40219.1
Project("{FAE04EC0-301F-11D3-BF4B-00C04F79EFBC}") = "Lab2", "Lab2\Lab2.csproj", "{7135CA39-79EB-4FB1-B62A-B018E493AE92}"
EndProject
Global
	GlobalSection(SolutionConfigurationPlatforms) = preSolution
		Debug|Any CPU = Debug|Any CPU
		Release|Any CPU = Release|Any CPU
	EndGlobalSection
	GlobalSection(ProjectConfigurationPlatforms) = postSolution
		{7135CA39-79EB-4FB1-B62A-B018E493AE92}.Debug|Any CPU.ActiveCfg = Debug|Any CPU
		{7135CA39-79EB-4FB1-B62A-B018E493AE92}.Debug|Any CPU.Build.0 = Debug|Any CPU
		{7135CA39-79EB-4FB1-B62A-B018E493AE92}.Release|Any CPU.ActiveCfg = Release|Any CPU
		{7135CA39-79EB-4FB1-B62A-B018E493AE92}.Release|Any CPU.Build.0 = Release|Any CPU
	EndGlobalSection
	GlobalSection(SolutionProperties) = preSolution
		HideSolutionNode = FALSE
	EndGlobalSection
	GlobalSection(ExtensibilityGlobals) = postSolution
		SolutionGuid = {B423181C-D865-4224-B4C7-87C7801892CB}
	EndGlobalSection
EndGlobal
